
Microsoft Visual Studio Solution File, Format Version 12.00
# Visual Studio 15
VisualStudioVersion = 15.0.28010.2016
MinimumVisualStudioVersion = 10.0.40219.1
Project("{9A19103F-16F7-4668-BE54-9A1E7A4F7556}") = "MobilePayMent", "MobilePayMent\MobilePayMent.csproj", "{FFF0885B-5CC5-4296-9572-DE2265AA6E40}"
EndProject
Project("{2150E333-8FDC-42A3-9474-1A3956D46DE8}") = "PayMent.Core", "PayMent.Core", "{B0B54057-8284-42F3-B08A-7297EF7B11BF}"
EndProject
Project("{9A19103F-16F7-4668-BE54-9A1E7A4F7556}") = "PayMent.Site", "PayMent.Site\PayMent.Site.csproj", "{8B0145BB-369C-4336-8597-E9FA3BD59C14}"
EndProject
Project("{2150E333-8FDC-42A3-9474-1A3956D46DE8}") = "payMent.DBModel", "payMent.DBModel", "{5E815D8A-7350-451E-8EEF-1827A1B515CE}"
EndProject
Project("{FAE04EC0-301F-11D3-BF4B-00C04F79EFBC}") = "DBUtils", "DBUtils\DBUtils.csproj", "{53DF163F-748C-42A0-A54A-EFA1FB127817}"
EndProject
Global
	GlobalSection(SolutionConfigurationPlatforms) = preSolution
		Debug|Any CPU = Debug|Any CPU
		Release|Any CPU = Release|Any CPU
	EndGlobalSection
	GlobalSection(ProjectConfigurationPlatforms) = postSolution
		{FFF0885B-5CC5-4296-9572-DE2265AA6E40}.Debug|Any CPU.ActiveCfg = Debug|Any CPU
		{FFF0885B-5CC5-4296-9572-DE2265AA6E40}.Debug|Any CPU.Build.0 = Debug|Any CPU
		{FFF0885B-5CC5-4296-9572-DE2265AA6E40}.Release|Any CPU.ActiveCfg = Release|Any CPU
		{FFF0885B-5CC5-4296-9572-DE2265AA6E40}.Release|Any CPU.Build.0 = Release|Any CPU
		{8B0145BB-369C-4336-8597-E9FA3BD59C14}.Debug|Any CPU.ActiveCfg = Debug|Any CPU
		{8B0145BB-369C-4336-8597-E9FA3BD59C14}.Debug|Any CPU.Build.0 = Debug|Any CPU
		{8B0145BB-369C-4336-8597-E9FA3BD59C14}.Release|Any CPU.ActiveCfg = Release|Any CPU
		{8B0145BB-369C-4336-8597-E9FA3BD59C14}.Release|Any CPU.Build.0 = Release|Any CPU
		{53DF163F-748C-42A0-A54A-EFA1FB127817}.Debug|Any CPU.ActiveCfg = Debug|Any CPU
		{53DF163F-748C-42A0-A54A-EFA1FB127817}.Debug|Any CPU.Build.0 = Debug|Any CPU
		{53DF163F-748C-42A0-A54A-EFA1FB127817}.Release|Any CPU.ActiveCfg = Release|Any CPU
		{53DF163F-748C-42A0-A54A-EFA1FB127817}.Release|Any CPU.Build.0 = Release|Any CPU
	EndGlobalSection
	GlobalSection(SolutionProperties) = preSolution
		HideSolutionNode = FALSE
	EndGlobalSection
	GlobalSection(NestedProjects) = preSolution
		{53DF163F-748C-42A0-A54A-EFA1FB127817} = {5E815D8A-7350-451E-8EEF-1827A1B515CE}
	EndGlobalSection
	GlobalSection(ExtensibilityGlobals) = postSolution
		SolutionGuid = {5BDE8C27-758F-482F-9D6F-938BA46383E0}
	EndGlobalSection
EndGlobal
